
Microsoft Visual Studio Solution File, Format Version 12.00
# Visual Studio Version 17
VisualStudioVersion = 17.8.34330.188
MinimumVisualStudioVersion = 10.0.40219.1
Project("{9A19103F-16F7-4668-BE54-9A1E7A4F7556}") = "CustomersAPI", "CustomersAPI\CustomersAPI.csproj", "{5DE8CCF0-33FE-4376-8258-67FF895FA209}"
EndProject
Project("{9A19103F-16F7-4668-BE54-9A1E7A4F7556}") = "CustomersUI", "CustomersUI\CustomersUI.csproj", "{9D205F96-F9AA-453B-A55A-ED669B9F05CA}"
EndProject
Global
	GlobalSection(SolutionConfigurationPlatforms) = preSolution
		Debug|Any CPU = Debug|Any CPU
		Release|Any CPU = Release|Any CPU
	EndGlobalSection
	GlobalSection(ProjectConfigurationPlatforms) = postSolution
		{5DE8CCF0-33FE-4376-8258-67FF895FA209}.Debug|Any CPU.ActiveCfg = Debug|Any CPU
		{5DE8CCF0-33FE-4376-8258-67FF895FA209}.Debug|Any CPU.Build.0 = Debug|Any CPU
		{5DE8CCF0-33FE-4376-8258-67FF895FA209}.Release|Any CPU.ActiveCfg = Release|Any CPU
		{5DE8CCF0-33FE-4376-8258-67FF895FA209}.Release|Any CPU.Build.0 = Release|Any CPU
		{9D205F96-F9AA-453B-A55A-ED669B9F05CA}.Debug|Any CPU.ActiveCfg = Debug|Any CPU
		{9D205F96-F9AA-453B-A55A-ED669B9F05CA}.Debug|Any CPU.Build.0 = Debug|Any CPU
		{9D205F96-F9AA-453B-A55A-ED669B9F05CA}.Release|Any CPU.ActiveCfg = Release|Any CPU
		{9D205F96-F9AA-453B-A55A-ED669B9F05CA}.Release|Any CPU.Build.0 = Release|Any CPU
	EndGlobalSection
	GlobalSection(SolutionProperties) = preSolution
		HideSolutionNode = FALSE
	EndGlobalSection
	GlobalSection(ExtensibilityGlobals) = postSolution
		SolutionGuid = {3C0E45CB-7639-43D1-8AF2-4E1E7A905891}
	EndGlobalSection
EndGlobal
